
Microsoft Visual Studio Solution File, Format Version 12.00
# Visual Studio Version 17
VisualStudioVersion = 17.7.34018.315
MinimumVisualStudioVersion = 10.0.40219.1
Project("{FAE04EC0-301F-11D3-BF4B-00C04F79EFBC}") = "Skyfri", "Skyfri\Skyfri.csproj", "{36CBDD09-1B03-4FC6-A89B-1688DE183778}"
EndProject
Global
	GlobalSection(SolutionConfigurationPlatforms) = preSolution
		Debug|Any CPU = Debug|Any CPU
		Release|Any CPU = Release|Any CPU
	EndGlobalSection
	GlobalSection(ProjectConfigurationPlatforms) = postSolution
		{36CBDD09-1B03-4FC6-A89B-1688DE183778}.Debug|Any CPU.ActiveCfg = Debug|Any CPU
		{36CBDD09-1B03-4FC6-A89B-1688DE183778}.Debug|Any CPU.Build.0 = Debug|Any CPU
		{36CBDD09-1B03-4FC6-A89B-1688DE183778}.Release|Any CPU.ActiveCfg = Release|Any CPU
		{36CBDD09-1B03-4FC6-A89B-1688DE183778}.Release|Any CPU.Build.0 = Release|Any CPU
	EndGlobalSection
	GlobalSection(SolutionProperties) = preSolution
		HideSolutionNode = FALSE
	EndGlobalSection
	GlobalSection(ExtensibilityGlobals) = postSolution
		SolutionGuid = {1C449ABA-5CD6-449B-A5B6-C5F17BA1E32E}
	EndGlobalSection
EndGlobal
